
Microsoft Visual Studio Solution File, Format Version 12.00
# Visual Studio Version 17
VisualStudioVersion = 17.4.33213.308
MinimumVisualStudioVersion = 10.0.40219.1
Project("{FAE04EC0-301F-11D3-BF4B-00C04F79EFBC}") = "Session 4", "Session 4.csproj", "{C5D37535-D1D3-462B-8840-AF84AC565800}"
EndProject
Global
	GlobalSection(SolutionConfigurationPlatforms) = preSolution
		Debug|Any CPU = Debug|Any CPU
		Release|Any CPU = Release|Any CPU
	EndGlobalSection
	GlobalSection(ProjectConfigurationPlatforms) = postSolution
		{C5D37535-D1D3-462B-8840-AF84AC565800}.Debug|Any CPU.ActiveCfg = Debug|Any CPU
		{C5D37535-D1D3-462B-8840-AF84AC565800}.Debug|Any CPU.Build.0 = Debug|Any CPU
		{C5D37535-D1D3-462B-8840-AF84AC565800}.Release|Any CPU.ActiveCfg = Release|Any CPU
		{C5D37535-D1D3-462B-8840-AF84AC565800}.Release|Any CPU.Build.0 = Release|Any CPU
	EndGlobalSection
	GlobalSection(SolutionProperties) = preSolution
		HideSolutionNode = FALSE
	EndGlobalSection
	GlobalSection(ExtensibilityGlobals) = postSolution
		SolutionGuid = {7939D2BE-17F6-4B2B-A8DC-38E1D8D2FE49}
	EndGlobalSection
EndGlobal
